
Microsoft Visual Studio Solution File, Format Version 12.00
# Visual Studio Version 17
VisualStudioVersion = 17.5.33502.453
MinimumVisualStudioVersion = 10.0.40219.1
Project("{FAE04EC0-301F-11D3-BF4B-00C04F79EFBC}") = "Markfi.Android", "Markfi\Markfi.Android\Markfi.Android.csproj", "{1FB90747-4B83-4311-A92D-5CA1B9CBFD64}"
EndProject
Project("{FAE04EC0-301F-11D3-BF4B-00C04F79EFBC}") = "Markfi", "Markfi\Markfi\Markfi.csproj", "{316B331B-361F-41E6-8431-DF57DF46CBFA}"
EndProject
Global
	GlobalSection(SolutionConfigurationPlatforms) = preSolution
		Debug|Any CPU = Debug|Any CPU
		Release|Any CPU = Release|Any CPU
	EndGlobalSection
	GlobalSection(ProjectConfigurationPlatforms) = postSolution
		{1FB90747-4B83-4311-A92D-5CA1B9CBFD64}.Debug|Any CPU.ActiveCfg = Debug|Any CPU
		{1FB90747-4B83-4311-A92D-5CA1B9CBFD64}.Debug|Any CPU.Build.0 = Debug|Any CPU
		{1FB90747-4B83-4311-A92D-5CA1B9CBFD64}.Debug|Any CPU.Deploy.0 = Debug|Any CPU
		{1FB90747-4B83-4311-A92D-5CA1B9CBFD64}.Release|Any CPU.ActiveCfg = Release|Any CPU
		{1FB90747-4B83-4311-A92D-5CA1B9CBFD64}.Release|Any CPU.Build.0 = Release|Any CPU
		{1FB90747-4B83-4311-A92D-5CA1B9CBFD64}.Release|Any CPU.Deploy.0 = Release|Any CPU
		{316B331B-361F-41E6-8431-DF57DF46CBFA}.Debug|Any CPU.ActiveCfg = Debug|Any CPU
		{316B331B-361F-41E6-8431-DF57DF46CBFA}.Debug|Any CPU.Build.0 = Debug|Any CPU
		{316B331B-361F-41E6-8431-DF57DF46CBFA}.Debug|Any CPU.Deploy.0 = Debug|Any CPU
		{316B331B-361F-41E6-8431-DF57DF46CBFA}.Release|Any CPU.ActiveCfg = Release|Any CPU
		{316B331B-361F-41E6-8431-DF57DF46CBFA}.Release|Any CPU.Build.0 = Release|Any CPU
		{316B331B-361F-41E6-8431-DF57DF46CBFA}.Release|Any CPU.Deploy.0 = Release|Any CPU
	EndGlobalSection
	GlobalSection(SolutionProperties) = preSolution
		HideSolutionNode = FALSE
	EndGlobalSection
	GlobalSection(ExtensibilityGlobals) = postSolution
		SolutionGuid = {895C5C22-CFBE-4793-8E11-539EF2281946}
	EndGlobalSection
EndGlobal
